<?xml version="1.0" encoding="utf-8"?>
<Project ToolsVersion="4.0" xmlns="http://schemas.microsoft.com/developer/msbuild/2003">
  <ItemGroup>
    <ClInclude Include="config.h" />
    <ClInclude Include="src\Engine.h">
      <Filter>System</Filter>
    </ClInclude>
    <ClInclude Include="src\core.h">
      <Filter>System</Filter>
    </ClInclude>
    <ClInclude Include="SilverEngine" />
    <ClInclude Include="src\Version.h">
      <Filter>Utils</Filter>
    </ClInclude>
    <ClInclude Include="src\Window.h">
      <Filter>Graphics\Window</Filter>
    </ClInclude>
    <ClInclude Include="src\Win.h">
      <Filter>Graphics\Window</Filter>
    </ClInclude>
    <ClInclude Include="src\TaskSystem.h">
      <Filter>System\TaskSystem</Filter>
    </ClInclude>
    <ClInclude Include="src\Input.h">
      <Filter>System</Filter>
    </ClInclude>
    <ClInclude Include="src\Math.h">
      <Filter>Utils</Filter>
    </ClInclude>
    <ClInclude Include="src\Graphics.h">
      <Filter>Graphics</Filter>
    </ClInclude>
    <ClInclude Include="src\GraphicsDesc.h">
      <Filter>Graphics</Filter>
    </ClInclude>
    <ClInclude Include="src\safe_queue.h">
      <Filter>Utils</Filter>
    </ClInclude>
    <ClInclude Include="src\Graphics_dx11.h">
      <Filter>Graphics\DirectX11</Filter>
    </ClInclude>
    <ClInclude Include="src\Application.h">
      <Filter>System</Filter>
    </ClInclude>
    <ClInclude Include="src\RenderQueue2D.h">
      <Filter>Graphics\Renderer\2D</Filter>
    </ClInclude>
    <ClInclude Include="src\Renderer.h">
      <Filter>Graphics\Renderer</Filter>
    </ClInclude>
    <ClInclude Include="src\Utils.h">
      <Filter>Utils</Filter>
    </ClInclude>
    <ClInclude Include="src\Dx11.h">
      <Filter>Graphics\DirectX11</Filter>
    </ClInclude>
    <ClInclude Include="src\StateManager_dx11.h">
      <Filter>Graphics\DirectX11</Filter>
    </ClInclude>
    <ClInclude Include="src\PostProcess.h">
      <Filter>Graphics\Renderer</Filter>
    </ClInclude>
    <ClInclude Include="src\Camera.h">
      <Filter>Graphics\Renderer</Filter>
    </ClInclude>
    <ClInclude Include="src\Scene.h">
      <Filter>System\Scene</Filter>
    </ClInclude>
    <ClInclude Include="src\Transform.h">
      <Filter>System\Scene</Filter>
    </ClInclude>
    <ClInclude Include="src\TextureAtlas.h">
      <Filter>Graphics\Renderer\2D</Filter>
    </ClInclude>
    <ClInclude Include="src\external\stbi_lib.h">
      <Filter>External</Filter>
    </ClInclude>
    <ClInclude Include="src\Renderer2D.h">
      <Filter>Graphics\Renderer\2D</Filter>
    </ClInclude>
    <ClInclude Include="src\ImGuiManager.h">
      <Filter>Utils</Filter>
    </ClInclude>
    <ClInclude Include="src\EngineDevice.h">
      <Filter>System</Filter>
    </ClInclude>
    <ClInclude Include="src\Renderer2DComponents.h">
      <Filter>Graphics\Renderer\2D</Filter>
    </ClInclude>
    <ClInclude Include="src\Timer.h">
      <Filter>System</Filter>
    </ClInclude>
    <ClInclude Include="src\User.h">
      <Filter>System</Filter>
    </ClInclude>
    <ClInclude Include="src\external\ImGui\imconfig.h">
      <Filter>External\ImGui</Filter>
    </ClInclude>
    <ClInclude Include="src\external\ImGui\imgui.h">
      <Filter>External\ImGui</Filter>
    </ClInclude>
    <ClInclude Include="src\external\ImGui\imgui_impl_dx11.h">
      <Filter>External\ImGui</Filter>
    </ClInclude>
    <ClInclude Include="src\external\ImGui\imgui_impl_win32.h">
      <Filter>External\ImGui</Filter>
    </ClInclude>
    <ClInclude Include="src\external\ImGui\imgui_internal.h">
      <Filter>External\ImGui</Filter>
    </ClInclude>
    <ClInclude Include="src\external\ImGui\imstb_rectpack.h">
      <Filter>External\ImGui</Filter>
    </ClInclude>
    <ClInclude Include="src\external\ImGui\imstb_textedit.h">
      <Filter>External\ImGui</Filter>
    </ClInclude>
    <ClInclude Include="src\external\ImGui\imstb_truetype.h">
      <Filter>External\ImGui</Filter>
    </ClInclude>
  </ItemGroup>
  <ItemGroup>
    <Filter Include="System">
      <UniqueIdentifier>{39fe7b39-88d4-4aec-a14d-bb054c95aae9}</UniqueIdentifier>
    </Filter>
    <Filter Include="Utils">
      <UniqueIdentifier>{d57fd0ac-336d-445c-bd10-a27b9717adb2}</UniqueIdentifier>
    </Filter>
    <Filter Include="System\TaskSystem">
      <UniqueIdentifier>{bfefb0c5-7e7c-485a-bf93-81f58d27c14c}</UniqueIdentifier>
    </Filter>
    <Filter Include="Graphics">
      <UniqueIdentifier>{6d7fa9d7-e600-44fa-8277-2e20f8735590}</UniqueIdentifier>
    </Filter>
    <Filter Include="Graphics\DirectX11">
      <UniqueIdentifier>{ae24f3d4-dbb5-45e2-a0f2-1256b39641e5}</UniqueIdentifier>
    </Filter>
    <Filter Include="Graphics\Renderer">
      <UniqueIdentifier>{6d88f1c6-a6c4-47dd-80d9-1a72b66e94b0}</UniqueIdentifier>
    </Filter>
    <Filter Include="Graphics\Renderer\2D">
      <UniqueIdentifier>{82776647-a36a-4703-83e2-3c3ff91d85c9}</UniqueIdentifier>
    </Filter>
    <Filter Include="Graphics\shaders">
      <UniqueIdentifier>{81b6a8ca-2b20-43f9-8da0-6fdbc1e754d3}</UniqueIdentifier>
    </Filter>
    <Filter Include="System\Scene">
      <UniqueIdentifier>{02d92ad5-caab-4843-bb21-8a9604eb094b}</UniqueIdentifier>
    </Filter>
    <Filter Include="External">
      <UniqueIdentifier>{467742a9-6ef8-4c85-8d3b-d0f491e74e74}</UniqueIdentifier>
    </Filter>
    <Filter Include="Graphics\shaders\2d">
      <UniqueIdentifier>{8edd653f-1f45-4fdf-a8e0-a34774921e0e}</UniqueIdentifier>
    </Filter>
    <Filter Include="External\ImGui">
      <UniqueIdentifier>{d9619fab-113e-4db2-a7f2-3a88f9f9a1eb}</UniqueIdentifier>
    </Filter>
    <Filter Include="Graphics\Window">
      <UniqueIdentifier>{826d9c92-b98b-4198-b025-7abc9453ee50}</UniqueIdentifier>
    </Filter>
  </ItemGroup>
  <ItemGroup>
    <ClCompile Include="src\Engine.cpp">
      <Filter>System</Filter>
    </ClCompile>
    <ClCompile Include="src\core.cpp">
      <Filter>System</Filter>
    </ClCompile>
    <ClCompile Include="src\Window.cpp">
      <Filter>Graphics\Window</Filter>
    </ClCompile>
    <ClCompile Include="src\TaskSystem.cpp">
      <Filter>System\TaskSystem</Filter>
    </ClCompile>
    <ClCompile Include="src\Input.cpp">
      <Filter>System</Filter>
    </ClCompile>
    <ClCompile Include="src\Graphics.cpp">
      <Filter>Graphics</Filter>
    </ClCompile>
    <ClCompile Include="src\Graphics_dx11.cpp">
      <Filter>Graphics\DirectX11</Filter>
    </ClCompile>
    <ClCompile Include="src\Application.cpp">
      <Filter>System</Filter>
    </ClCompile>
    <ClCompile Include="src\RenderQueue2D.cpp">
      <Filter>Graphics\Renderer\2D</Filter>
    </ClCompile>
    <ClCompile Include="src\Renderer.cpp">
      <Filter>Graphics\Renderer</Filter>
    </ClCompile>
    <ClCompile Include="src\Utils.cpp">
      <Filter>Utils</Filter>
    </ClCompile>
    <ClCompile Include="src\StateManager_dx11.cpp">
      <Filter>Graphics\DirectX11</Filter>
    </ClCompile>
    <ClCompile Include="src\PostProcess.cpp">
      <Filter>Graphics\Renderer</Filter>
    </ClCompile>
    <ClCompile Include="src\Camera.cpp">
      <Filter>Graphics\Renderer</Filter>
    </ClCompile>
    <ClCompile Include="src\Scene.cpp">
      <Filter>System\Scene</Filter>
    </ClCompile>
    <ClCompile Include="src\Transform.cpp">
      <Filter>System\Scene</Filter>
    </ClCompile>
    <ClCompile Include="src\TextureAtlas.cpp">
      <Filter>Graphics\Renderer\2D</Filter>
    </ClCompile>
    <ClCompile Include="src\Renderer2D.cpp">
      <Filter>Graphics\Renderer\2D</Filter>
    </ClCompile>
    <ClCompile Include="src\ImGuiManager.cpp">
      <Filter>Utils</Filter>
    </ClCompile>
    <ClCompile Include="src\EngineDevice.cpp">
      <Filter>System</Filter>
    </ClCompile>
    <ClCompile Include="src\Renderer2DComponents.cpp">
      <Filter>Graphics\Renderer\2D</Filter>
    </ClCompile>
    <ClCompile Include="src\Timer.cpp">
      <Filter>System</Filter>
    </ClCompile>
    <ClCompile Include="src\User.cpp">
      <Filter>System</Filter>
    </ClCompile>
    <ClCompile Include="src\external\ImGui\imgui.cpp">
      <Filter>External\ImGui</Filter>
    </ClCompile>
    <ClCompile Include="src\external\ImGui\imgui_demo.cpp">
      <Filter>External\ImGui</Filter>
    </ClCompile>
    <ClCompile Include="src\external\ImGui\imgui_draw.cpp">
      <Filter>External\ImGui</Filter>
    </ClCompile>
    <ClCompile Include="src\external\ImGui\imgui_impl_dx11.cpp">
      <Filter>External\ImGui</Filter>
    </ClCompile>
    <ClCompile Include="src\external\ImGui\imgui_impl_win32.cpp">
      <Filter>External\ImGui</Filter>
    </ClCompile>
    <ClCompile Include="src\external\ImGui\imgui_widgets.cpp">
      <Filter>External\ImGui</Filter>
    </ClCompile>
  </ItemGroup>
  <ItemGroup>
    <FxCompile Include="src\shaders\PPVertex.hlsl">
      <Filter>Graphics\shaders</Filter>
    </FxCompile>
    <FxCompile Include="src\shaders\PPDefaultPixel.hlsl">
      <Filter>Graphics\shaders</Filter>
    </FxCompile>
    <FxCompile Include="src\shaders\SpriteVertex.hlsl">
      <Filter>Graphics\shaders\2d</Filter>
    </FxCompile>
    <FxCompile Include="src\shaders\QuadPixel.hlsl">
      <Filter>Graphics\shaders\2d</Filter>
    </FxCompile>
    <FxCompile Include="src\shaders\QuadVertex.hlsl">
      <Filter>Graphics\shaders\2d</Filter>
    </FxCompile>
    <FxCompile Include="src\shaders\SpritePixel.hlsl">
      <Filter>Graphics\shaders\2d</Filter>
    </FxCompile>
    <FxCompile Include="src\shaders\EllipsePixel.hlsl">
      <Filter>Graphics\shaders\2d</Filter>
    </FxCompile>
    <FxCompile Include="src\shaders\EllipseVertex.hlsl">
      <Filter>Graphics\shaders\2d</Filter>
    </FxCompile>
    <FxCompile Include="src\shaders\PointVertex.hlsl">
      <Filter>Graphics\shaders\2d</Filter>
    </FxCompile>
    <FxCompile Include="src\shaders\PointPixel.hlsl">
      <Filter>Graphics\shaders\2d</Filter>
    </FxCompile>
  </ItemGroup>
</Project>