<?xml version="1.0" encoding="utf-8"?>
<Project ToolsVersion="4.0" xmlns="http://schemas.microsoft.com/developer/msbuild/2003">
  <ItemGroup>
    <Filter Include="include">
      <UniqueIdentifier>{89AF369E-F58E-B539-FEA6-40106A051C9B}</UniqueIdentifier>
    </Filter>
    <Filter Include="include\high_level">
      <UniqueIdentifier>{6F027E40-5BE6-3E96-C446-39E9B0492918}</UniqueIdentifier>
    </Filter>
    <Filter Include="include\main">
      <UniqueIdentifier>{BDBCDE69-A91F-6E0E-52A5-A6C43EE73991}</UniqueIdentifier>
    </Filter>
    <Filter Include="include\platform">
      <UniqueIdentifier>{1D12BC81-090B-DBD3-323D-C0581E95BADF}</UniqueIdentifier>
    </Filter>
    <Filter Include="include\rendering">
      <UniqueIdentifier>{3658BCEF-A26E-BA85-EBE5-45A7573B8B0D}</UniqueIdentifier>
    </Filter>
    <Filter Include="include\simulation">
      <UniqueIdentifier>{3D58C6FC-293C-8752-929C-81A57E9F71D4}</UniqueIdentifier>
    </Filter>
    <Filter Include="include\utils">
      <UniqueIdentifier>{C98351A6-3544-CDDC-FE7E-165A6AFE11B9}</UniqueIdentifier>
    </Filter>
    <Filter Include="include\utils\data_structures">
      <UniqueIdentifier>{F574EB59-618D-D283-2A3A-621D9611671D}</UniqueIdentifier>
    </Filter>
    <Filter Include="src">
      <UniqueIdentifier>{2DAB880B-99B4-887C-2230-9F7C8E38947C}</UniqueIdentifier>
    </Filter>
    <Filter Include="src\external">
      <UniqueIdentifier>{1F3C6D0D-0B9F-FCB1-B424-3568A066C834}</UniqueIdentifier>
    </Filter>
    <Filter Include="src\external\box2d">
      <UniqueIdentifier>{AD518618-9935-476E-0296-41C1EE9831F0}</UniqueIdentifier>
    </Filter>
    <Filter Include="src\external\sprv">
      <UniqueIdentifier>{5922F6BA-C538-F450-0EB0-7F727A05C5D8}</UniqueIdentifier>
    </Filter>
    <Filter Include="src\high_level">
      <UniqueIdentifier>{93EFA411-7FBD-9817-6851-093E54BE747C}</UniqueIdentifier>
    </Filter>
    <Filter Include="src\high_level\asset_system">
      <UniqueIdentifier>{A69BB918-12A9-E7FE-9B8F-E3E9079CB3B5}</UniqueIdentifier>
    </Filter>
    <Filter Include="src\high_level\scene">
      <UniqueIdentifier>{108F0805-FC1D-92CE-A53C-A6C991AAA274}</UniqueIdentifier>
    </Filter>
    <Filter Include="src\main">
      <UniqueIdentifier>{E19E33CF-CD6B-8EDA-F684-7C82E2B0C368}</UniqueIdentifier>
    </Filter>
    <Filter Include="src\main\console">
      <UniqueIdentifier>{239F20B1-0F98-3F03-38CA-248824221F0F}</UniqueIdentifier>
    </Filter>
    <Filter Include="src\main\task_system">
      <UniqueIdentifier>{0765204A-F3F3-A913-9C12-BE0E8880BAB9}</UniqueIdentifier>
    </Filter>
    <Filter Include="src\platform">
      <UniqueIdentifier>{41663D6D-2DC9-CC11-D64E-05C8C2909894}</UniqueIdentifier>
    </Filter>
    <Filter Include="src\platform\graphics">
      <UniqueIdentifier>{C1638D81-2DD0-487C-F6C3-E0D962EF6AE4}</UniqueIdentifier>
    </Filter>
    <Filter Include="src\platform\graphics\vulkan">
      <UniqueIdentifier>{41A29571-2D5D-851D-D614-FE67C2AECFAD}</UniqueIdentifier>
    </Filter>
    <Filter Include="src\platform\input">
      <UniqueIdentifier>{2013085C-0CF7-C8B1-7557-C304615AB333}</UniqueIdentifier>
    </Filter>
    <Filter Include="src\platform\window">
      <UniqueIdentifier>{28D456FD-9435-340B-1DA3-7ABD89036BCA}</UniqueIdentifier>
    </Filter>
    <Filter Include="src\rendering">
      <UniqueIdentifier>{DA30684B-46F1-E381-0F2C-2DFF7BAB285E}</UniqueIdentifier>
    </Filter>
    <Filter Include="src\rendering\debug_renderer">
      <UniqueIdentifier>{E6E45A41-D29F-4AED-7B57-C33767F1947D}</UniqueIdentifier>
    </Filter>
    <Filter Include="src\rendering\material_system">
      <UniqueIdentifier>{3C995F01-A8B1-462B-715E-D6C4DD35DBC4}</UniqueIdentifier>
    </Filter>
    <Filter Include="src\rendering\sprite_renderer">
      <UniqueIdentifier>{F618B0CE-6231-97F8-2BDE-269297B52B92}</UniqueIdentifier>
    </Filter>
    <Filter Include="src\simulation">
      <UniqueIdentifier>{6145EDCD-4D13-E1D3-36A7-51FA2214BD38}</UniqueIdentifier>
    </Filter>
    <Filter Include="src\simulation\entity_system">
      <UniqueIdentifier>{71F5F2B0-5DB0-E25C-0668-5BA7F2012DED}</UniqueIdentifier>
    </Filter>
    <Filter Include="src\utils">
      <UniqueIdentifier>{6DAA42B6-D914-F72C-2253-A8D28EFCD481}</UniqueIdentifier>
    </Filter>
    <Filter Include="src\utils\allocators">
      <UniqueIdentifier>{30C67A9F-1C55-0469-C573-1864B1E1140F}</UniqueIdentifier>
    </Filter>
    <Filter Include="src\utils\io">
      <UniqueIdentifier>{34057784-2068-0629-C9ED-3EDFB52FD2AB}</UniqueIdentifier>
    </Filter>
  </ItemGroup>
  <ItemGroup>
    <ClInclude Include="include\core.h">
      <Filter>include</Filter>
    </ClInclude>
    <ClInclude Include="include\high_level\asset_system.h">
      <Filter>include\high_level</Filter>
    </ClInclude>
    <ClInclude Include="include\high_level\scene.h">
      <Filter>include\high_level</Filter>
    </ClInclude>
    <ClInclude Include="include\main\console.h">
      <Filter>include\main</Filter>
    </ClInclude>
    <ClInclude Include="include\main\engine.h">
      <Filter>include\main</Filter>
    </ClInclude>
    <ClInclude Include="include\main\task_system.h">
      <Filter>include\main</Filter>
    </ClInclude>
    <ClInclude Include="include\platform\graphics.h">
      <Filter>include\platform</Filter>
    </ClInclude>
    <ClInclude Include="include\platform\input.h">
      <Filter>include\platform</Filter>
    </ClInclude>
    <ClInclude Include="include\platform\platform_impl.h">
      <Filter>include\platform</Filter>
    </ClInclude>
    <ClInclude Include="include\platform\window.h">
      <Filter>include\platform</Filter>
    </ClInclude>
    <ClInclude Include="include\platform\windows_impl.h">
      <Filter>include\platform</Filter>
    </ClInclude>
    <ClInclude Include="include\rendering\debug_renderer.h">
      <Filter>include\rendering</Filter>
    </ClInclude>
    <ClInclude Include="include\rendering\material_system.h">
      <Filter>include\rendering</Filter>
    </ClInclude>
    <ClInclude Include="include\rendering\sprite_renderer.h">
      <Filter>include\rendering</Filter>
    </ClInclude>
    <ClInclude Include="include\simulation\entity_system.h">
      <Filter>include\simulation</Filter>
    </ClInclude>
    <ClInclude Include="include\utils\Version.h">
      <Filter>include\utils</Filter>
    </ClInclude>
    <ClInclude Include="include\utils\allocator.h">
      <Filter>include\utils</Filter>
    </ClInclude>
    <ClInclude Include="include\utils\data_structures\safe_queue.h">
      <Filter>include\utils\data_structures</Filter>
    </ClInclude>
    <ClInclude Include="include\utils\helper.h">
      <Filter>include\utils</Filter>
    </ClInclude>
    <ClInclude Include="include\utils\io.h">
      <Filter>include\utils</Filter>
    </ClInclude>
    <ClInclude Include="include\utils\math.h">
      <Filter>include\utils</Filter>
    </ClInclude>
    <ClInclude Include="include\utils\timer.h">
      <Filter>include\utils</Filter>
    </ClInclude>
    <ClInclude Include="src\external\box2d\b2_block_allocator.h">
      <Filter>src\external\box2d</Filter>
    </ClInclude>
    <ClInclude Include="src\external\box2d\b2_body.h">
      <Filter>src\external\box2d</Filter>
    </ClInclude>
    <ClInclude Include="src\external\box2d\b2_broad_phase.h">
      <Filter>src\external\box2d</Filter>
    </ClInclude>
    <ClInclude Include="src\external\box2d\b2_chain_shape.h">
      <Filter>src\external\box2d</Filter>
    </ClInclude>
    <ClInclude Include="src\external\box2d\b2_circle_shape.h">
      <Filter>src\external\box2d</Filter>
    </ClInclude>
    <ClInclude Include="src\external\box2d\b2_collision.h">
      <Filter>src\external\box2d</Filter>
    </ClInclude>
    <ClInclude Include="src\external\box2d\b2_contact.h">
      <Filter>src\external\box2d</Filter>
    </ClInclude>
    <ClInclude Include="src\external\box2d\b2_contact_manager.h">
      <Filter>src\external\box2d</Filter>
    </ClInclude>
    <ClInclude Include="src\external\box2d\b2_distance.h">
      <Filter>src\external\box2d</Filter>
    </ClInclude>
    <ClInclude Include="src\external\box2d\b2_distance_joint.h">
      <Filter>src\external\box2d</Filter>
    </ClInclude>
    <ClInclude Include="src\external\box2d\b2_draw.h">
      <Filter>src\external\box2d</Filter>
    </ClInclude>
    <ClInclude Include="src\external\box2d\b2_dynamic_tree.h">
      <Filter>src\external\box2d</Filter>
    </ClInclude>
    <ClInclude Include="src\external\box2d\b2_edge_shape.h">
      <Filter>src\external\box2d</Filter>
    </ClInclude>
    <ClInclude Include="src\external\box2d\b2_fixture.h">
      <Filter>src\external\box2d</Filter>
    </ClInclude>
    <ClInclude Include="src\external\box2d\b2_friction_joint.h">
      <Filter>src\external\box2d</Filter>
    </ClInclude>
    <ClInclude Include="src\external\box2d\b2_gear_joint.h">
      <Filter>src\external\box2d</Filter>
    </ClInclude>
    <ClInclude Include="src\external\box2d\b2_growable_stack.h">
      <Filter>src\external\box2d</Filter>
    </ClInclude>
    <ClInclude Include="src\external\box2d\b2_joint.h">
      <Filter>src\external\box2d</Filter>
    </ClInclude>
    <ClInclude Include="src\external\box2d\b2_math.h">
      <Filter>src\external\box2d</Filter>
    </ClInclude>
    <ClInclude Include="src\external\box2d\b2_motor_joint.h">
      <Filter>src\external\box2d</Filter>
    </ClInclude>
    <ClInclude Include="src\external\box2d\b2_mouse_joint.h">
      <Filter>src\external\box2d</Filter>
    </ClInclude>
    <ClInclude Include="src\external\box2d\b2_polygon_shape.h">
      <Filter>src\external\box2d</Filter>
    </ClInclude>
    <ClInclude Include="src\external\box2d\b2_prismatic_joint.h">
      <Filter>src\external\box2d</Filter>
    </ClInclude>
    <ClInclude Include="src\external\box2d\b2_pulley_joint.h">
      <Filter>src\external\box2d</Filter>
    </ClInclude>
    <ClInclude Include="src\external\box2d\b2_revolute_joint.h">
      <Filter>src\external\box2d</Filter>
    </ClInclude>
    <ClInclude Include="src\external\box2d\b2_rope.h">
      <Filter>src\external\box2d</Filter>
    </ClInclude>
    <ClInclude Include="src\external\box2d\b2_rope_joint.h">
      <Filter>src\external\box2d</Filter>
    </ClInclude>
    <ClInclude Include="src\external\box2d\b2_settings.h">
      <Filter>src\external\box2d</Filter>
    </ClInclude>
    <ClInclude Include="src\external\box2d\b2_shape.h">
      <Filter>src\external\box2d</Filter>
    </ClInclude>
    <ClInclude Include="src\external\box2d\b2_stack_allocator.h">
      <Filter>src\external\box2d</Filter>
    </ClInclude>
    <ClInclude Include="src\external\box2d\b2_time_of_impact.h">
      <Filter>src\external\box2d</Filter>
    </ClInclude>
    <ClInclude Include="src\external\box2d\b2_time_step.h">
      <Filter>src\external\box2d</Filter>
    </ClInclude>
    <ClInclude Include="src\external\box2d\b2_timer.h">
      <Filter>src\external\box2d</Filter>
    </ClInclude>
    <ClInclude Include="src\external\box2d\b2_weld_joint.h">
      <Filter>src\external\box2d</Filter>
    </ClInclude>
    <ClInclude Include="src\external\box2d\b2_wheel_joint.h">
      <Filter>src\external\box2d</Filter>
    </ClInclude>
    <ClInclude Include="src\external\box2d\b2_world.h">
      <Filter>src\external\box2d</Filter>
    </ClInclude>
    <ClInclude Include="src\external\box2d\b2_world_callbacks.h">
      <Filter>src\external\box2d</Filter>
    </ClInclude>
    <ClInclude Include="src\external\box2d\box2d.h">
      <Filter>src\external\box2d</Filter>
    </ClInclude>
    <ClInclude Include="src\external\sprv\GLSL.std.450.h">
      <Filter>src\external\sprv</Filter>
    </ClInclude>
    <ClInclude Include="src\external\sprv\spirv.h">
      <Filter>src\external\sprv</Filter>
    </ClInclude>
    <ClInclude Include="src\external\sprv\spirv_cross_c.h">
      <Filter>src\external\sprv</Filter>
    </ClInclude>
    <ClInclude Include="src\external\stbi_lib.h">
      <Filter>src\external</Filter>
    </ClInclude>
    <ClInclude Include="src\external\vk_mem_alloc.h">
      <Filter>src\external</Filter>
    </ClInclude>
    <ClInclude Include="src\high_level\asset_system\asset_system_internal.h">
      <Filter>src\high_level\asset_system</Filter>
    </ClInclude>
    <ClInclude Include="src\high_level\scene\physics_impl.h">
      <Filter>src\high_level\scene</Filter>
    </ClInclude>
    <ClInclude Include="src\high_level\scene\scene_internal.h">
      <Filter>src\high_level\scene</Filter>
    </ClInclude>
    <ClInclude Include="src\main\console\console_internal.h">
      <Filter>src\main\console</Filter>
    </ClInclude>
    <ClInclude Include="src\main\task_system\task_system_internal.h">
      <Filter>src\main\task_system</Filter>
    </ClInclude>
    <ClInclude Include="src\platform\graphics\graphics_internal.h">
      <Filter>src\platform\graphics</Filter>
    </ClInclude>
    <ClInclude Include="src\platform\graphics\vulkan\graphics_vulkan.h">
      <Filter>src\platform\graphics\vulkan</Filter>
    </ClInclude>
    <ClInclude Include="src\platform\graphics\vulkan\graphics_vulkan_conversions.h">
      <Filter>src\platform\graphics\vulkan</Filter>
    </ClInclude>
    <ClInclude Include="src\platform\input\input_internal.h">
      <Filter>src\platform\input</Filter>
    </ClInclude>
    <ClInclude Include="src\platform\window\window_internal.h">
      <Filter>src\platform\window</Filter>
    </ClInclude>
    <ClInclude Include="src\rendering\debug_renderer\debug_renderer_internal.h">
      <Filter>src\rendering\debug_renderer</Filter>
    </ClInclude>
    <ClInclude Include="src\rendering\material_system\material_system_internal.h">
      <Filter>src\rendering\material_system</Filter>
    </ClInclude>
    <ClInclude Include="src\rendering\sprite_renderer\sprite_renderer_internal.h">
      <Filter>src\rendering\sprite_renderer</Filter>
    </ClInclude>
    <ClInclude Include="src\simulation\entity_system\entity_system_internal.h">
      <Filter>src\simulation\entity_system</Filter>
    </ClInclude>
  </ItemGroup>
  <ItemGroup>
    <ClCompile Include="src\core.cpp">
      <Filter>src</Filter>
    </ClCompile>
    <ClCompile Include="src\external\sprv\spirv_cfg.cpp">
      <Filter>src\external\sprv</Filter>
    </ClCompile>
    <ClCompile Include="src\external\sprv\spirv_cpp.cpp">
      <Filter>src\external\sprv</Filter>
    </ClCompile>
    <ClCompile Include="src\external\sprv\spirv_cross.cpp">
      <Filter>src\external\sprv</Filter>
    </ClCompile>
    <ClCompile Include="src\external\sprv\spirv_cross_c.cpp">
      <Filter>src\external\sprv</Filter>
    </ClCompile>
    <ClCompile Include="src\external\sprv\spirv_cross_parsed_ir.cpp">
      <Filter>src\external\sprv</Filter>
    </ClCompile>
    <ClCompile Include="src\external\sprv\spirv_cross_util.cpp">
      <Filter>src\external\sprv</Filter>
    </ClCompile>
    <ClCompile Include="src\external\sprv\spirv_glsl.cpp">
      <Filter>src\external\sprv</Filter>
    </ClCompile>
    <ClCompile Include="src\external\sprv\spirv_hlsl.cpp">
      <Filter>src\external\sprv</Filter>
    </ClCompile>
    <ClCompile Include="src\external\sprv\spirv_msl.cpp">
      <Filter>src\external\sprv</Filter>
    </ClCompile>
    <ClCompile Include="src\external\sprv\spirv_parser.cpp">
      <Filter>src\external\sprv</Filter>
    </ClCompile>
    <ClCompile Include="src\external\sprv\spirv_reflect.cpp">
      <Filter>src\external\sprv</Filter>
    </ClCompile>
    <ClCompile Include="src\high_level\asset_system\asset_system.cpp">
      <Filter>src\high_level\asset_system</Filter>
    </ClCompile>
    <ClCompile Include="src\high_level\scene\scene.cpp">
      <Filter>src\high_level\scene</Filter>
    </ClCompile>
    <ClCompile Include="src\high_level\scene\scene_components.cpp">
      <Filter>src\high_level\scene</Filter>
    </ClCompile>
    <ClCompile Include="src\high_level\scene\scene_physics.cpp">
      <Filter>src\high_level\scene</Filter>
    </ClCompile>
    <ClCompile Include="src\high_level\scene\scene_renderer.cpp">
      <Filter>src\high_level\scene</Filter>
    </ClCompile>
    <ClCompile Include="src\main\console\console.cpp">
      <Filter>src\main\console</Filter>
    </ClCompile>
    <ClCompile Include="src\main\engine.cpp">
      <Filter>src\main</Filter>
    </ClCompile>
    <ClCompile Include="src\main\task_system\task_system.cpp">
      <Filter>src\main\task_system</Filter>
    </ClCompile>
    <ClCompile Include="src\platform\graphics\graphics.cpp">
      <Filter>src\platform\graphics</Filter>
    </ClCompile>
    <ClCompile Include="src\platform\graphics\graphics_properties.cpp">
      <Filter>src\platform\graphics</Filter>
    </ClCompile>
    <ClCompile Include="src\platform\graphics\graphics_shader.cpp">
      <Filter>src\platform\graphics</Filter>
    </ClCompile>
    <ClCompile Include="src\platform\graphics\vulkan\graphics_vulkan.cpp">
      <Filter>src\platform\graphics\vulkan</Filter>
    </ClCompile>
    <ClCompile Include="src\platform\graphics\vulkan\graphics_vulkan_memory.cpp">
      <Filter>src\platform\graphics\vulkan</Filter>
    </ClCompile>
    <ClCompile Include="src\platform\graphics\vulkan\graphics_vulkan_pipeline.cpp">
      <Filter>src\platform\graphics\vulkan</Filter>
    </ClCompile>
    <ClCompile Include="src\platform\input\input.cpp">
      <Filter>src\platform\input</Filter>
    </ClCompile>
    <ClCompile Include="src\platform\window\window.cpp">
      <Filter>src\platform\window</Filter>
    </ClCompile>
    <ClCompile Include="src\rendering\debug_renderer\debug_renderer.cpp">
      <Filter>src\rendering\debug_renderer</Filter>
    </ClCompile>
    <ClCompile Include="src\rendering\material_system\material_system.cpp">
      <Filter>src\rendering\material_system</Filter>
    </ClCompile>
    <ClCompile Include="src\rendering\material_system\material_system_material.cpp">
      <Filter>src\rendering\material_system</Filter>
    </ClCompile>
    <ClCompile Include="src\rendering\material_system\material_system_shaderlibrary.cpp">
      <Filter>src\rendering\material_system</Filter>
    </ClCompile>
    <ClCompile Include="src\rendering\sprite_renderer\sprite_renderer.cpp">
      <Filter>src\rendering\sprite_renderer</Filter>
    </ClCompile>
    <ClCompile Include="src\simulation\entity_system\Transform.cpp">
      <Filter>src\simulation\entity_system</Filter>
    </ClCompile>
    <ClCompile Include="src\simulation\entity_system\entity_system.cpp">
      <Filter>src\simulation\entity_system</Filter>
    </ClCompile>
    <ClCompile Include="src\simulation\entity_system\entity_system_allocators.cpp">
      <Filter>src\simulation\entity_system</Filter>
    </ClCompile>
    <ClCompile Include="src\utils\allocators\InstanceAllocator.cpp">
      <Filter>src\utils\allocators</Filter>
    </ClCompile>
    <ClCompile Include="src\utils\helper.cpp">
      <Filter>src\utils</Filter>
    </ClCompile>
    <ClCompile Include="src\utils\io\Archive.cpp">
      <Filter>src\utils\io</Filter>
    </ClCompile>
    <ClCompile Include="src\utils\io\loader.cpp">
      <Filter>src\utils\io</Filter>
    </ClCompile>
    <ClCompile Include="src\utils\math.cpp">
      <Filter>src\utils</Filter>
    </ClCompile>
    <ClCompile Include="src\utils\timer.cpp">
      <Filter>src\utils</Filter>
    </ClCompile>
  </ItemGroup>
</Project>