
Microsoft Visual Studio Solution File, Format Version 12.00
# Visual Studio Version 16
Project("{8BC9CEB8-8B4A-11D0-8D11-00A0C91BC942}") = "SilverEditor", "SilverEditor\SilverEditor.vcxproj", "{81D30A76-6D36-9A1A-16BC-D2D002FE659D}"
EndProject
Project("{8BC9CEB8-8B4A-11D0-8D11-00A0C91BC942}") = "SilverEngine", "SilverEngine\SilverEngine.vcxproj", "{D080BE76-BCE3-4D1B-6569-86D151AB199E}"
EndProject
Global
	GlobalSection(SolutionConfigurationPlatforms) = preSolution
		Debug|Win64 = Debug|Win64
		Distribution|Win64 = Distribution|Win64
		Release|Win64 = Release|Win64
	EndGlobalSection
	GlobalSection(ProjectConfigurationPlatforms) = postSolution
		{81D30A76-6D36-9A1A-16BC-D2D002FE659D}.Debug|Win64.ActiveCfg = Debug Win64|x64
		{81D30A76-6D36-9A1A-16BC-D2D002FE659D}.Debug|Win64.Build.0 = Debug Win64|x64
		{81D30A76-6D36-9A1A-16BC-D2D002FE659D}.Distribution|Win64.ActiveCfg = Distribution Win64|x64
		{81D30A76-6D36-9A1A-16BC-D2D002FE659D}.Distribution|Win64.Build.0 = Distribution Win64|x64
		{81D30A76-6D36-9A1A-16BC-D2D002FE659D}.Release|Win64.ActiveCfg = Release Win64|x64
		{81D30A76-6D36-9A1A-16BC-D2D002FE659D}.Release|Win64.Build.0 = Release Win64|x64
		{D080BE76-BCE3-4D1B-6569-86D151AB199E}.Debug|Win64.ActiveCfg = Debug Win64|x64
		{D080BE76-BCE3-4D1B-6569-86D151AB199E}.Debug|Win64.Build.0 = Debug Win64|x64
		{D080BE76-BCE3-4D1B-6569-86D151AB199E}.Distribution|Win64.ActiveCfg = Distribution Win64|x64
		{D080BE76-BCE3-4D1B-6569-86D151AB199E}.Distribution|Win64.Build.0 = Distribution Win64|x64
		{D080BE76-BCE3-4D1B-6569-86D151AB199E}.Release|Win64.ActiveCfg = Release Win64|x64
		{D080BE76-BCE3-4D1B-6569-86D151AB199E}.Release|Win64.Build.0 = Release Win64|x64
	EndGlobalSection
	GlobalSection(SolutionProperties) = preSolution
		HideSolutionNode = FALSE
	EndGlobalSection
EndGlobal
