<?xml version="1.0" encoding="utf-8"?>
<Project ToolsVersion="4.0" xmlns="http://schemas.microsoft.com/developer/msbuild/2003">
  <ItemGroup>
    <ClCompile Include="src\external\ImGui\imgui.cpp" />
    <ClCompile Include="src\external\ImGui\imgui_demo.cpp" />
    <ClCompile Include="src\external\ImGui\imgui_draw.cpp" />
    <ClCompile Include="src\external\ImGui\imgui_impl_dx11.cpp" />
    <ClCompile Include="src\external\ImGui\imgui_impl_vulkan.cpp" />
    <ClCompile Include="src\external\ImGui\imgui_impl_win32.cpp" />
    <ClCompile Include="src\external\ImGui\imgui_widgets.cpp" />
    <ClCompile Include="src\simulation\simulation.cpp" />
    <ClCompile Include="src\main\imGuiDevice\ImGuiDevice.cpp" />
    <ClCompile Include="src\main\imGuiDevice\ImGuiDevice_vk.cpp" />
    <ClCompile Include="src\main\Main.cpp" />
    <ClCompile Include="src\main\editor.cpp" />
    <ClCompile Include="src\main\core_editor.cpp">
      <Filter>System</Filter>
    </ClCompile>
    <ClCompile Include="src\scene_editor\scene_editor.cpp" />
    <ClCompile Include="src\viewports\Viewport.cpp" />
    <ClCompile Include="src\viewports\SimulationViewport.cpp" />
    <ClCompile Include="src\viewports\SimulationToolsViewport.cpp" />
    <ClCompile Include="src\viewports\MaterialViewport.cpp" />
    <ClCompile Include="src\viewports\AssetViewport.cpp" />
    <ClCompile Include="src\viewports\TexturePickerViewport.cpp" />
    <ClCompile Include="src\viewports\SceneHierarchyViewport.cpp" />
    <ClCompile Include="src\viewports\EntityInspectorViewport.cpp" />
    <ClCompile Include="src\viewports\SceneEditorViewport.cpp" />
    <ClCompile Include="src\viewport_manager\viewport_manager.cpp" />
  </ItemGroup>
  <ItemGroup>
    <ClInclude Include="src\editor.h" />
    <ClInclude Include="src\core_editor.h">
      <Filter>System</Filter>
    </ClInclude>
    <ClInclude Include="config_editor.h" />
    <ClInclude Include="src\external\ImGui\imconfig.h" />
    <ClInclude Include="src\external\ImGui\imgui.h" />
    <ClInclude Include="src\external\ImGui\imgui_impl_dx11.h" />
    <ClInclude Include="src\external\ImGui\imgui_impl_vulkan.h" />
    <ClInclude Include="src\external\ImGui\imgui_impl_win32.h" />
    <ClInclude Include="src\external\ImGui\imgui_internal.h" />
    <ClInclude Include="src\external\ImGui\imstb_rectpack.h" />
    <ClInclude Include="src\external\ImGui\imstb_textedit.h" />
    <ClInclude Include="src\external\ImGui\imstb_truetype.h" />
    <ClInclude Include="src\simulation.h" />
    <ClInclude Include="src\main\imGuiDevice\ImGuiDevice.h">
      <Filter>System</Filter>
    </ClInclude>
    <ClInclude Include="src\main\imGuiDevice\ImGuiDevice_vk.h" />
    <ClInclude Include="src\scene_editor.h" />
    <ClInclude Include="src\viewports\Viewport.h" />
    <ClInclude Include="src\viewports\SimulationViewport.h" />
    <ClInclude Include="src\viewports\SimulationToolsViewport.h" />
    <ClInclude Include="src\viewports\MaterialViewport.h" />
    <ClInclude Include="src\viewports\AssetViewport.h" />
    <ClInclude Include="src\viewports\TexturePickerViewport.h" />
    <ClInclude Include="src\viewports\SceneHierarchyViewport.h" />
    <ClInclude Include="src\viewports\EntityInspectorViewport.h" />
    <ClInclude Include="src\viewports\SceneEditorViewport.h" />
    <ClInclude Include="src\viewport_manager.h" />
  </ItemGroup>
  <ItemGroup>
    <Filter Include="external">
      <UniqueIdentifier>{d10ff150-5f41-427e-8da8-917ef7dfcbb3}</UniqueIdentifier>
    </Filter>
    <Filter Include="external\ImGui">
      <UniqueIdentifier>{17c3856f-ee8f-41a1-a9bd-880e935fb4a7}</UniqueIdentifier>
    </Filter>
    <Filter Include="Viewports">
      <UniqueIdentifier>{c1d6df2f-fee8-43a0-acf2-0f032c418945}</UniqueIdentifier>
    </Filter>
    <Filter Include="System">
      <UniqueIdentifier>{7a7cc24e-568d-427c-903b-fceae1687176}</UniqueIdentifier>
    </Filter>
  </ItemGroup>
  <ItemGroup>
    <Text Include="src\external\ImGui\LICENSE.txt" />
  </ItemGroup>
</Project>